// !$*UTF8*$!
{
	archiveVersion = 1;
	classes = {
	};
	objectVersion = 46;
	objects = {

/* Begin PBXBuildFile section */
		1F3C59161D22CCD20083753B /* AVCar.m in Sources */ = {isa = PBXBuildFile; fileRef = 1F3C58EA1D22CCD20083753B /* AVCar.m */; };
		1F3C59171D22CCD20083753B /* AVCarWash.m in Sources */ = {isa = PBXBuildFile; fileRef = 1F3C58EC1D22CCD20083753B /* AVCarWash.m */; };
		1F3C59181D22CCD20083753B /* AVBuilding.m in Sources */ = {isa = PBXBuildFile; fileRef = 1F3C58F01D22CCD20083753B /* AVBuilding.m */; };
		1F3C59191D22CCD20083753B /* AVRoom.m in Sources */ = {isa = PBXBuildFile; fileRef = 1F3C58F21D22CCD20083753B /* AVRoom.m */; };
		1F3C591A1D22CCD20083753B /* AVWashingRoom.m in Sources */ = {isa = PBXBuildFile; fileRef = 1F3C58F41D22CCD20083753B /* AVWashingRoom.m */; };
		1F3C591B1D22CCD20083753B /* AVBookkeeper.m in Sources */ = {isa = PBXBuildFile; fileRef = 1F3C58F71D22CCD20083753B /* AVBookkeeper.m */; };
		1F3C591C1D22CCD20083753B /* AVDirector.m in Sources */ = {isa = PBXBuildFile; fileRef = 1F3C58F91D22CCD20083753B /* AVDirector.m */; };
		1F3C591D1D22CCD20083753B /* AVEmployee.m in Sources */ = {isa = PBXBuildFile; fileRef = 1F3C58FB1D22CCD20083753B /* AVEmployee.m */; };
		1F3C591E1D22CCD20083753B /* AVWasher.m in Sources */ = {isa = PBXBuildFile; fileRef = 1F3C58FD1D22CCD20083753B /* AVWasher.m */; };
		1F3C591F1D22CCD20083753B /* AVCreature.m in Sources */ = {isa = PBXBuildFile; fileRef = 1F3C59001D22CCD20083753B /* AVCreature.m */; };
		1F3C59201D22CCD20083753B /* AVFemaleCreature.m in Sources */ = {isa = PBXBuildFile; fileRef = 1F3C59031D22CCD20083753B /* AVFemaleCreature.m */; };
		1F3C59211D22CCD20083753B /* AVMaleCreature.m in Sources */ = {isa = PBXBuildFile; fileRef = 1F3C59061D22CCD20083753B /* AVMaleCreature.m */; };
		1F3C59221D22CCD20083753B /* NSObject+AVExtensions.m in Sources */ = {isa = PBXBuildFile; fileRef = 1F3C590A1D22CCD20083753B /* NSObject+AVExtensions.m */; };
		1F3C59231D22CCD20083753B /* NSMutableString+AVExtensions.m in Sources */ = {isa = PBXBuildFile; fileRef = 1F3C590D1D22CCD20083753B /* NSMutableString+AVExtensions.m */; };
		1F3C59241D22CCD20083753B /* AVQueue.m in Sources */ = {isa = PBXBuildFile; fileRef = 1F3C59101D22CCD20083753B /* AVQueue.m */; };
		1F3C59251D22CCD20083753B /* AVCreatureTest.m in Sources */ = {isa = PBXBuildFile; fileRef = 1F3C59151D22CCD20083753B /* AVCreatureTest.m */; };
		1F96B8491D100DE50018B3CB /* main.m in Sources */ = {isa = PBXBuildFile; fileRef = 1F96B8481D100DE50018B3CB /* main.m */; };
/* End PBXBuildFile section */

/* Begin PBXCopyFilesBuildPhase section */
		1F96B8431D100DE50018B3CB /* CopyFiles */ = {
			isa = PBXCopyFilesBuildPhase;
			buildActionMask = 2147483647;
			dstPath = /usr/share/man/man1/;
			dstSubfolderSpec = 0;
			files = (
			);
			runOnlyForDeploymentPostprocessing = 1;
		};
/* End PBXCopyFilesBuildPhase section */

/* Begin PBXFileReference section */
		1F3C58E91D22CCD20083753B /* AVCar.h */ = {isa = PBXFileReference; fileEncoding = 4; lastKnownFileType = sourcecode.c.h; path = AVCar.h; sourceTree = "<group>"; };
		1F3C58EA1D22CCD20083753B /* AVCar.m */ = {isa = PBXFileReference; fileEncoding = 4; lastKnownFileType = sourcecode.c.objc; path = AVCar.m; sourceTree = "<group>"; };
		1F3C58EB1D22CCD20083753B /* AVCarWash.h */ = {isa = PBXFileReference; fileEncoding = 4; lastKnownFileType = sourcecode.c.h; path = AVCarWash.h; sourceTree = "<group>"; };
		1F3C58EC1D22CCD20083753B /* AVCarWash.m */ = {isa = PBXFileReference; fileEncoding = 4; lastKnownFileType = sourcecode.c.objc; path = AVCarWash.m; sourceTree = "<group>"; };
		1F3C58ED1D22CCD20083753B /* AVMoney.h */ = {isa = PBXFileReference; fileEncoding = 4; lastKnownFileType = sourcecode.c.h; path = AVMoney.h; sourceTree = "<group>"; };
		1F3C58EF1D22CCD20083753B /* AVBuilding.h */ = {isa = PBXFileReference; fileEncoding = 4; lastKnownFileType = sourcecode.c.h; path = AVBuilding.h; sourceTree = "<group>"; };
		1F3C58F01D22CCD20083753B /* AVBuilding.m */ = {isa = PBXFileReference; fileEncoding = 4; lastKnownFileType = sourcecode.c.objc; path = AVBuilding.m; sourceTree = "<group>"; };
		1F3C58F11D22CCD20083753B /* AVRoom.h */ = {isa = PBXFileReference; fileEncoding = 4; lastKnownFileType = sourcecode.c.h; path = AVRoom.h; sourceTree = "<group>"; };
		1F3C58F21D22CCD20083753B /* AVRoom.m */ = {isa = PBXFileReference; fileEncoding = 4; lastKnownFileType = sourcecode.c.objc; path = AVRoom.m; sourceTree = "<group>"; };
		1F3C58F31D22CCD20083753B /* AVWashingRoom.h */ = {isa = PBXFileReference; fileEncoding = 4; lastKnownFileType = sourcecode.c.h; path = AVWashingRoom.h; sourceTree = "<group>"; };
		1F3C58F41D22CCD20083753B /* AVWashingRoom.m */ = {isa = PBXFileReference; fileEncoding = 4; lastKnownFileType = sourcecode.c.objc; path = AVWashingRoom.m; sourceTree = "<group>"; };
		1F3C58F61D22CCD20083753B /* AVBookkeeper.h */ = {isa = PBXFileReference; fileEncoding = 4; lastKnownFileType = sourcecode.c.h; path = AVBookkeeper.h; sourceTree = "<group>"; };
		1F3C58F71D22CCD20083753B /* AVBookkeeper.m */ = {isa = PBXFileReference; fileEncoding = 4; lastKnownFileType = sourcecode.c.objc; path = AVBookkeeper.m; sourceTree = "<group>"; };
		1F3C58F81D22CCD20083753B /* AVDirector.h */ = {isa = PBXFileReference; fileEncoding = 4; lastKnownFileType = sourcecode.c.h; path = AVDirector.h; sourceTree = "<group>"; };
		1F3C58F91D22CCD20083753B /* AVDirector.m */ = {isa = PBXFileReference; fileEncoding = 4; lastKnownFileType = sourcecode.c.objc; path = AVDirector.m; sourceTree = "<group>"; };
		1F3C58FA1D22CCD20083753B /* AVEmployee.h */ = {isa = PBXFileReference; fileEncoding = 4; lastKnownFileType = sourcecode.c.h; path = AVEmployee.h; sourceTree = "<group>"; };
		1F3C58FB1D22CCD20083753B /* AVEmployee.m */ = {isa = PBXFileReference; fileEncoding = 4; lastKnownFileType = sourcecode.c.objc; path = AVEmployee.m; sourceTree = "<group>"; };
		1F3C58FC1D22CCD20083753B /* AVWasher.h */ = {isa = PBXFileReference; fileEncoding = 4; lastKnownFileType = sourcecode.c.h; path = AVWasher.h; sourceTree = "<group>"; };
		1F3C58FD1D22CCD20083753B /* AVWasher.m */ = {isa = PBXFileReference; fileEncoding = 4; lastKnownFileType = sourcecode.c.objc; path = AVWasher.m; sourceTree = "<group>"; };
		1F3C58FF1D22CCD20083753B /* AVCreature.h */ = {isa = PBXFileReference; fileEncoding = 4; lastKnownFileType = sourcecode.c.h; path = AVCreature.h; sourceTree = "<group>"; };
		1F3C59001D22CCD20083753B /* AVCreature.m */ = {isa = PBXFileReference; fileEncoding = 4; lastKnownFileType = sourcecode.c.objc; path = AVCreature.m; sourceTree = "<group>"; };
		1F3C59021D22CCD20083753B /* AVFemaleCreature.h */ = {isa = PBXFileReference; fileEncoding = 4; lastKnownFileType = sourcecode.c.h; path = AVFemaleCreature.h; sourceTree = "<group>"; };
		1F3C59031D22CCD20083753B /* AVFemaleCreature.m */ = {isa = PBXFileReference; fileEncoding = 4; lastKnownFileType = sourcecode.c.objc; path = AVFemaleCreature.m; sourceTree = "<group>"; };
		1F3C59051D22CCD20083753B /* AVMaleCreature.h */ = {isa = PBXFileReference; fileEncoding = 4; lastKnownFileType = sourcecode.c.h; path = AVMaleCreature.h; sourceTree = "<group>"; };
		1F3C59061D22CCD20083753B /* AVMaleCreature.m */ = {isa = PBXFileReference; fileEncoding = 4; lastKnownFileType = sourcecode.c.objc; path = AVMaleCreature.m; sourceTree = "<group>"; };
		1F3C59091D22CCD20083753B /* NSObject+AVExtensions.h */ = {isa = PBXFileReference; fileEncoding = 4; lastKnownFileType = sourcecode.c.h; path = "NSObject+AVExtensions.h"; sourceTree = "<group>"; };
		1F3C590A1D22CCD20083753B /* NSObject+AVExtensions.m */ = {isa = PBXFileReference; fileEncoding = 4; lastKnownFileType = sourcecode.c.objc; path = "NSObject+AVExtensions.m"; sourceTree = "<group>"; };
		1F3C590C1D22CCD20083753B /* NSMutableString+AVExtensions.h */ = {isa = PBXFileReference; fileEncoding = 4; lastKnownFileType = sourcecode.c.h; path = "NSMutableString+AVExtensions.h"; sourceTree = "<group>"; };
		1F3C590D1D22CCD20083753B /* NSMutableString+AVExtensions.m */ = {isa = PBXFileReference; fileEncoding = 4; lastKnownFileType = sourcecode.c.objc; path = "NSMutableString+AVExtensions.m"; sourceTree = "<group>"; };
		1F3C590F1D22CCD20083753B /* AVQueue.h */ = {isa = PBXFileReference; fileEncoding = 4; lastKnownFileType = sourcecode.c.h; path = AVQueue.h; sourceTree = "<group>"; };
		1F3C59101D22CCD20083753B /* AVQueue.m */ = {isa = PBXFileReference; fileEncoding = 4; lastKnownFileType = sourcecode.c.objc; path = AVQueue.m; sourceTree = "<group>"; };
		1F3C59111D22CCD20083753B /* iOS Study Plan.txt */ = {isa = PBXFileReference; fileEncoding = 4; lastKnownFileType = text; path = "iOS Study Plan.txt"; sourceTree = "<group>"; };
		1F3C59141D22CCD20083753B /* AVCreatureTest.h */ = {isa = PBXFileReference; fileEncoding = 4; lastKnownFileType = sourcecode.c.h; path = AVCreatureTest.h; sourceTree = "<group>"; };
		1F3C59151D22CCD20083753B /* AVCreatureTest.m */ = {isa = PBXFileReference; fileEncoding = 4; lastKnownFileType = sourcecode.c.objc; path = AVCreatureTest.m; sourceTree = "<group>"; };
		1F96B8451D100DE50018B3CB /* ObjectiveC */ = {isa = PBXFileReference; explicitFileType = "compiled.mach-o.executable"; includeInIndex = 0; path = ObjectiveC; sourceTree = BUILT_PRODUCTS_DIR; };
		1F96B8481D100DE50018B3CB /* main.m */ = {isa = PBXFileReference; lastKnownFileType = sourcecode.c.objc; path = main.m; sourceTree = "<group>"; };
/* End PBXFileReference section */

/* Begin PBXFrameworksBuildPhase section */
		1F96B8421D100DE50018B3CB /* Frameworks */ = {
			isa = PBXFrameworksBuildPhase;
			buildActionMask = 2147483647;
			files = (
			);
			runOnlyForDeploymentPostprocessing = 0;
		};
/* End PBXFrameworksBuildPhase section */

/* Begin PBXGroup section */
		1F3C58E61D22CCD20083753B /* Sources */ = {
			isa = PBXGroup;
			children = (
				1F3C58E71D22CCD20083753B /* AVCarWash */,
				1F3C58FE1D22CCD20083753B /* AVCreature */,
				1F3C590E1D22CCD20083753B /* AVQueue */,
				1F3C59071D22CCD20083753B /* AVExtensions */,
				1F3C59121D22CCD20083753B /* Tests */,
				1F3C59111D22CCD20083753B /* iOS Study Plan.txt */,
			);
			path = Sources;
			sourceTree = "<group>";
		};
		1F3C58E71D22CCD20083753B /* AVCarWash */ = {
			isa = PBXGroup;
			children = (
				1F3C58E81D22CCD20083753B /* AVCar */,
				1F3C58EB1D22CCD20083753B /* AVCarWash.h */,
				1F3C58EC1D22CCD20083753B /* AVCarWash.m */,
				1F3C58ED1D22CCD20083753B /* AVMoney.h */,
				1F3C58EE1D22CCD20083753B /* Buildings */,
				1F3C58F51D22CCD20083753B /* Employees */,
			);
			path = AVCarWash;
			sourceTree = "<group>";
		};
		1F3C58E81D22CCD20083753B /* AVCar */ = {
			isa = PBXGroup;
			children = (
				1F3C58E91D22CCD20083753B /* AVCar.h */,
				1F3C58EA1D22CCD20083753B /* AVCar.m */,
			);
			path = AVCar;
			sourceTree = "<group>";
		};
		1F3C58EE1D22CCD20083753B /* Buildings */ = {
			isa = PBXGroup;
			children = (
				1F3C58EF1D22CCD20083753B /* AVBuilding.h */,
				1F3C58F01D22CCD20083753B /* AVBuilding.m */,
				1F3C58F11D22CCD20083753B /* AVRoom.h */,
				1F3C58F21D22CCD20083753B /* AVRoom.m */,
				1F3C58F31D22CCD20083753B /* AVWashingRoom.h */,
				1F3C58F41D22CCD20083753B /* AVWashingRoom.m */,
			);
			path = Buildings;
			sourceTree = "<group>";
		};
		1F3C58F51D22CCD20083753B /* Employees */ = {
			isa = PBXGroup;
			children = (
				1F3C58F61D22CCD20083753B /* AVBookkeeper.h */,
				1F3C58F71D22CCD20083753B /* AVBookkeeper.m */,
				1F3C58F81D22CCD20083753B /* AVDirector.h */,
				1F3C58F91D22CCD20083753B /* AVDirector.m */,
				1F3C58FA1D22CCD20083753B /* AVEmployee.h */,
				1F3C58FB1D22CCD20083753B /* AVEmployee.m */,
				1F3C58FC1D22CCD20083753B /* AVWasher.h */,
				1F3C58FD1D22CCD20083753B /* AVWasher.m */,
			);
			path = Employees;
			sourceTree = "<group>";
		};
		1F3C58FE1D22CCD20083753B /* AVCreature */ = {
			isa = PBXGroup;
			children = (
				1F3C58FF1D22CCD20083753B /* AVCreature.h */,
				1F3C59001D22CCD20083753B /* AVCreature.m */,
				1F3C59011D22CCD20083753B /* AVFemaleCreature */,
				1F3C59041D22CCD20083753B /* AVMaleCreature */,
			);
			path = AVCreature;
			sourceTree = "<group>";
		};
		1F3C59011D22CCD20083753B /* AVFemaleCreature */ = {
			isa = PBXGroup;
			children = (
				1F3C59021D22CCD20083753B /* AVFemaleCreature.h */,
				1F3C59031D22CCD20083753B /* AVFemaleCreature.m */,
			);
			path = AVFemaleCreature;
			sourceTree = "<group>";
		};
		1F3C59041D22CCD20083753B /* AVMaleCreature */ = {
			isa = PBXGroup;
			children = (
				1F3C59051D22CCD20083753B /* AVMaleCreature.h */,
				1F3C59061D22CCD20083753B /* AVMaleCreature.m */,
			);
			path = AVMaleCreature;
			sourceTree = "<group>";
		};
		1F3C59071D22CCD20083753B /* AVExtensions */ = {
			isa = PBXGroup;
			children = (
				1F3C59081D22CCD20083753B /* NSObject+AVExtensions */,
				1F3C590B1D22CCD20083753B /* NSString+AVExtensions */,
			);
			path = AVExtensions;
			sourceTree = "<group>";
		};
		1F3C59081D22CCD20083753B /* NSObject+AVExtensions */ = {
			isa = PBXGroup;
			children = (
				1F3C59091D22CCD20083753B /* NSObject+AVExtensions.h */,
				1F3C590A1D22CCD20083753B /* NSObject+AVExtensions.m */,
			);
			path = "NSObject+AVExtensions";
			sourceTree = "<group>";
		};
		1F3C590B1D22CCD20083753B /* NSString+AVExtensions */ = {
			isa = PBXGroup;
			children = (
				1F3C590C1D22CCD20083753B /* NSMutableString+AVExtensions.h */,
				1F3C590D1D22CCD20083753B /* NSMutableString+AVExtensions.m */,
			);
			path = "NSString+AVExtensions";
			sourceTree = "<group>";
		};
		1F3C590E1D22CCD20083753B /* AVQueue */ = {
			isa = PBXGroup;
			children = (
				1F3C590F1D22CCD20083753B /* AVQueue.h */,
				1F3C59101D22CCD20083753B /* AVQueue.m */,
			);
			path = AVQueue;
			sourceTree = "<group>";
		};
		1F3C59121D22CCD20083753B /* Tests */ = {
			isa = PBXGroup;
			children = (
				1F3C59131D22CCD20083753B /* AVCreatureTest */,
			);
			path = Tests;
			sourceTree = "<group>";
		};
		1F3C59131D22CCD20083753B /* AVCreatureTest */ = {
			isa = PBXGroup;
			children = (
				1F3C59141D22CCD20083753B /* AVCreatureTest.h */,
				1F3C59151D22CCD20083753B /* AVCreatureTest.m */,
			);
			path = AVCreatureTest;
			sourceTree = "<group>";
		};
		1F96B83C1D100DE50018B3CB = {
			isa = PBXGroup;
			children = (
				1F3C58E61D22CCD20083753B /* Sources */,
				1F96B8471D100DE50018B3CB /* ObjectiveC */,
				1F96B8461D100DE50018B3CB /* Products */,
			);
			sourceTree = "<group>";
		};
		1F96B8461D100DE50018B3CB /* Products */ = {
			isa = PBXGroup;
			children = (
				1F96B8451D100DE50018B3CB /* ObjectiveC */,
			);
			name = Products;
			sourceTree = "<group>";
		};
		1F96B8471D100DE50018B3CB /* ObjectiveC */ = {
			isa = PBXGroup;
			children = (
				1F96B8481D100DE50018B3CB /* main.m */,
			);
			path = ObjectiveC;
			sourceTree = "<group>";
		};
/* End PBXGroup section */

/* Begin PBXNativeTarget section */
		1F96B8441D100DE50018B3CB /* ObjectiveC */ = {
			isa = PBXNativeTarget;
			buildConfigurationList = 1F96B84C1D100DE50018B3CB /* Build configuration list for PBXNativeTarget "ObjectiveC" */;
			buildPhases = (
				1F96B8411D100DE50018B3CB /* Sources */,
				1F96B8421D100DE50018B3CB /* Frameworks */,
				1F96B8431D100DE50018B3CB /* CopyFiles */,
			);
			buildRules = (
			);
			dependencies = (
			);
			name = ObjectiveC;
			productName = ObjectiveC;
			productReference = 1F96B8451D100DE50018B3CB /* ObjectiveC */;
			productType = "com.apple.product-type.tool";
		};
/* End PBXNativeTarget section */

/* Begin PBXProject section */
		1F96B83D1D100DE50018B3CB /* Project object */ = {
			isa = PBXProject;
			attributes = {
				LastUpgradeCheck = 0730;
				ORGANIZATIONNAME = "Aleksandr Voropaev";
				TargetAttributes = {
					1F96B8441D100DE50018B3CB = {
						CreatedOnToolsVersion = 7.3.1;
					};
				};
			};
			buildConfigurationList = 1F96B8401D100DE50018B3CB /* Build configuration list for PBXProject "ObjectiveC" */;
			compatibilityVersion = "Xcode 3.2";
			developmentRegion = English;
			hasScannedForEncodings = 0;
			knownRegions = (
				en,
			);
			mainGroup = 1F96B83C1D100DE50018B3CB;
			productRefGroup = 1F96B8461D100DE50018B3CB /* Products */;
			projectDirPath = "";
			projectRoot = "";
			targets = (
				1F96B8441D100DE50018B3CB /* ObjectiveC */,
			);
		};
/* End PBXProject section */

/* Begin PBXSourcesBuildPhase section */
		1F96B8411D100DE50018B3CB /* Sources */ = {
			isa = PBXSourcesBuildPhase;
			buildActionMask = 2147483647;
			files = (
				1F3C59241D22CCD20083753B /* AVQueue.m in Sources */,
				1F3C59181D22CCD20083753B /* AVBuilding.m in Sources */,
				1F3C591A1D22CCD20083753B /* AVWashingRoom.m in Sources */,
				1F3C591C1D22CCD20083753B /* AVDirector.m in Sources */,
				1F3C591F1D22CCD20083753B /* AVCreature.m in Sources */,
				1F96B8491D100DE50018B3CB /* main.m in Sources */,
				1F3C591E1D22CCD20083753B /* AVWasher.m in Sources */,
				1F3C59221D22CCD20083753B /* NSObject+AVExtensions.m in Sources */,
				1F3C59161D22CCD20083753B /* AVCar.m in Sources */,
				1F3C591B1D22CCD20083753B /* AVBookkeeper.m in Sources */,
				1F3C59171D22CCD20083753B /* AVCarWash.m in Sources */,
				1F3C59201D22CCD20083753B /* AVFemaleCreature.m in Sources */,
				1F3C59231D22CCD20083753B /* NSMutableString+AVExtensions.m in Sources */,
				1F3C59211D22CCD20083753B /* AVMaleCreature.m in Sources */,
				1F3C591D1D22CCD20083753B /* AVEmployee.m in Sources */,
				1F3C59191D22CCD20083753B /* AVRoom.m in Sources */,
				1F3C59251D22CCD20083753B /* AVCreatureTest.m in Sources */,
			);
			runOnlyForDeploymentPostprocessing = 0;
		};
/* End PBXSourcesBuildPhase section */

/* Begin XCBuildConfiguration section */
		1F96B84A1D100DE50018B3CB /* Debug */ = {
			isa = XCBuildConfiguration;
			buildSettings = {
				ALWAYS_SEARCH_USER_PATHS = NO;
				CLANG_ANALYZER_NONNULL = YES;
				CLANG_CXX_LANGUAGE_STANDARD = "gnu++0x";
				CLANG_CXX_LIBRARY = "libc++";
				CLANG_ENABLE_MODULES = YES;
				CLANG_ENABLE_OBJC_ARC = NO;
				CLANG_WARN_BOOL_CONVERSION = YES;
				CLANG_WARN_CONSTANT_CONVERSION = YES;
				CLANG_WARN_DIRECT_OBJC_ISA_USAGE = YES_ERROR;
				CLANG_WARN_EMPTY_BODY = YES;
				CLANG_WARN_ENUM_CONVERSION = YES;
				CLANG_WARN_INT_CONVERSION = YES;
				CLANG_WARN_OBJC_ROOT_CLASS = YES_ERROR;
				CLANG_WARN_UNREACHABLE_CODE = YES;
				CLANG_WARN__DUPLICATE_METHOD_MATCH = YES;
				CODE_SIGN_IDENTITY = "-";
				COPY_PHASE_STRIP = NO;
				DEBUG_INFORMATION_FORMAT = dwarf;
				ENABLE_STRICT_OBJC_MSGSEND = YES;
				ENABLE_TESTABILITY = YES;
				GCC_C_LANGUAGE_STANDARD = gnu99;
				GCC_DYNAMIC_NO_PIC = NO;
				GCC_NO_COMMON_BLOCKS = YES;
				GCC_OPTIMIZATION_LEVEL = 0;
				GCC_PREPROCESSOR_DEFINITIONS = (
					"DEBUG=1",
					"$(inherited)",
				);
				GCC_WARN_64_TO_32_BIT_CONVERSION = YES;
				GCC_WARN_ABOUT_RETURN_TYPE = YES_ERROR;
				GCC_WARN_UNDECLARED_SELECTOR = YES;
				GCC_WARN_UNINITIALIZED_AUTOS = YES_AGGRESSIVE;
				GCC_WARN_UNUSED_FUNCTION = YES;
				GCC_WARN_UNUSED_VARIABLE = YES;
				MACOSX_DEPLOYMENT_TARGET = 10.10;
				MTL_ENABLE_DEBUG_INFO = YES;
				ONLY_ACTIVE_ARCH = YES;
				SDKROOT = macosx;
			};
			name = Debug;
		};
		1F96B84B1D100DE50018B3CB /* Release */ = {
			isa = XCBuildConfiguration;
			buildSettings = {
				ALWAYS_SEARCH_USER_PATHS = NO;
				CLANG_ANALYZER_NONNULL = YES;
				CLANG_CXX_LANGUAGE_STANDARD = "gnu++0x";
				CLANG_CXX_LIBRARY = "libc++";
				CLANG_ENABLE_MODULES = YES;
				CLANG_ENABLE_OBJC_ARC = NO;
				CLANG_WARN_BOOL_CONVERSION = YES;
				CLANG_WARN_CONSTANT_CONVERSION = YES;
				CLANG_WARN_DIRECT_OBJC_ISA_USAGE = YES_ERROR;
				CLANG_WARN_EMPTY_BODY = YES;
				CLANG_WARN_ENUM_CONVERSION = YES;
				CLANG_WARN_INT_CONVERSION = YES;
				CLANG_WARN_OBJC_ROOT_CLASS = YES_ERROR;
				CLANG_WARN_UNREACHABLE_CODE = YES;
				CLANG_WARN__DUPLICATE_METHOD_MATCH = YES;
				CODE_SIGN_IDENTITY = "-";
				COPY_PHASE_STRIP = NO;
				DEBUG_INFORMATION_FORMAT = "dwarf-with-dsym";
				ENABLE_NS_ASSERTIONS = NO;
				ENABLE_STRICT_OBJC_MSGSEND = YES;
				GCC_C_LANGUAGE_STANDARD = gnu99;
				GCC_NO_COMMON_BLOCKS = YES;
				GCC_WARN_64_TO_32_BIT_CONVERSION = YES;
				GCC_WARN_ABOUT_RETURN_TYPE = YES_ERROR;
				GCC_WARN_UNDECLARED_SELECTOR = YES;
				GCC_WARN_UNINITIALIZED_AUTOS = YES_AGGRESSIVE;
				GCC_WARN_UNUSED_FUNCTION = YES;
				GCC_WARN_UNUSED_VARIABLE = YES;
				MACOSX_DEPLOYMENT_TARGET = 10.10;
				MTL_ENABLE_DEBUG_INFO = NO;
				SDKROOT = macosx;
			};
			name = Release;
		};
		1F96B84D1D100DE50018B3CB /* Debug */ = {
			isa = XCBuildConfiguration;
			buildSettings = {
				PRODUCT_NAME = "$(TARGET_NAME)";
			};
			name = Debug;
		};
		1F96B84E1D100DE50018B3CB /* Release */ = {
			isa = XCBuildConfiguration;
			buildSettings = {
				PRODUCT_NAME = "$(TARGET_NAME)";
			};
			name = Release;
		};
/* End XCBuildConfiguration section */

/* Begin XCConfigurationList section */
		1F96B8401D100DE50018B3CB /* Build configuration list for PBXProject "ObjectiveC" */ = {
			isa = XCConfigurationList;
			buildConfigurations = (
				1F96B84A1D100DE50018B3CB /* Debug */,
				1F96B84B1D100DE50018B3CB /* Release */,
			);
			defaultConfigurationIsVisible = 0;
			defaultConfigurationName = Release;
		};
		1F96B84C1D100DE50018B3CB /* Build configuration list for PBXNativeTarget "ObjectiveC" */ = {
			isa = XCConfigurationList;
			buildConfigurations = (
				1F96B84D1D100DE50018B3CB /* Debug */,
				1F96B84E1D100DE50018B3CB /* Release */,
			);
			defaultConfigurationIsVisible = 0;
			defaultConfigurationName = Release;
		};
/* End XCConfigurationList section */
	};
	rootObject = 1F96B83D1D100DE50018B3CB /* Project object */;
}
